Microsoft Visual Studio Solution File, Format Version 12.00
# Visual Studio 15
VisualStudioVersion = 15.0.26730.10
MinimumVisualStudioVersion = 15.0.26124.0
Project("{9A19103F-16F7-4668-BE54-9A1E7A4F7556}") = "MyNumberNET", "MyNumberNET\MyNumberNET.csproj", "{60B2BC8D-4CC5-476A-8A04-A8D9AB2B54DB}"
EndProject
Project("{9A19103F-16F7-4668-BE54-9A1E7A4F7556}") = "MyNumberNET_CLI", "MyNumberNET_CLI\MyNumberNET_CLI.csproj", "{13BF6435-CDDE-49FD-9898-6840BE4B1B9E}"
EndProject
Project("{9A19103F-16F7-4668-BE54-9A1E7A4F7556}") = "MyNumberNET_Test", "MyNumberNET_Test\MyNumberNET_Test.csproj", "{0EE82E05-BD36-4024-BC61-A9B56E97E6B8}"
EndProject
Project("{FAE04EC0-301F-11D3-BF4B-00C04F79EFBC}") = "MyNumberNET_ApiServer", "MyNumberNET_ApiServer\MyNumberNET_ApiServer.csproj", "{5ABBBF4C-8CD9-405F-B2B4-2CD71A97CE1B}"
EndProject
Global
	GlobalSection(SolutionConfigurationPlatforms) = preSolution
		Debug|Any CPU = Debug|Any CPU
		Release|Any CPU = Release|Any CPU
	EndGlobalSection
	GlobalSection(ProjectConfigurationPlatforms) = postSolution
		{60B2BC8D-4CC5-476A-8A04-A8D9AB2B54DB}.Debug|Any CPU.ActiveCfg = Debug|Any CPU
		{60B2BC8D-4CC5-476A-8A04-A8D9AB2B54DB}.Debug|Any CPU.Build.0 = Debug|Any CPU
		{60B2BC8D-4CC5-476A-8A04-A8D9AB2B54DB}.Release|Any CPU.ActiveCfg = Release|Any CPU
		{60B2BC8D-4CC5-476A-8A04-A8D9AB2B54DB}.Release|Any CPU.Build.0 = Release|Any CPU
		{13BF6435-CDDE-49FD-9898-6840BE4B1B9E}.Debug|Any CPU.ActiveCfg = Debug|Any CPU
		{13BF6435-CDDE-49FD-9898-6840BE4B1B9E}.Debug|Any CPU.Build.0 = Debug|Any CPU
		{13BF6435-CDDE-49FD-9898-6840BE4B1B9E}.Release|Any CPU.ActiveCfg = Release|Any CPU
		{13BF6435-CDDE-49FD-9898-6840BE4B1B9E}.Release|Any CPU.Build.0 = Release|Any CPU
		{0EE82E05-BD36-4024-BC61-A9B56E97E6B8}.Debug|Any CPU.ActiveCfg = Debug|Any CPU
		{0EE82E05-BD36-4024-BC61-A9B56E97E6B8}.Debug|Any CPU.Build.0 = Debug|Any CPU
		{0EE82E05-BD36-4024-BC61-A9B56E97E6B8}.Release|Any CPU.ActiveCfg = Release|Any CPU
		{0EE82E05-BD36-4024-BC61-A9B56E97E6B8}.Release|Any CPU.Build.0 = Release|Any CPU
		{5ABBBF4C-8CD9-405F-B2B4-2CD71A97CE1B}.Debug|Any CPU.ActiveCfg = Debug|Any CPU
		{5ABBBF4C-8CD9-405F-B2B4-2CD71A97CE1B}.Debug|Any CPU.Build.0 = Debug|Any CPU
		{5ABBBF4C-8CD9-405F-B2B4-2CD71A97CE1B}.Release|Any CPU.ActiveCfg = Release|Any CPU
		{5ABBBF4C-8CD9-405F-B2B4-2CD71A97CE1B}.Release|Any CPU.Build.0 = Release|Any CPU
	EndGlobalSection
	GlobalSection(SolutionProperties) = preSolution
		HideSolutionNode = FALSE
	EndGlobalSection
	GlobalSection(ExtensibilityGlobals) = postSolution
		SolutionGuid = {F96132A7-72A7-4407-A771-E98D49AB81E3}
	EndGlobalSection
EndGlobal
